
Microsoft Visual Studio Solution File, Format Version 12.00
# Visual Studio Version 17
VisualStudioVersion = 17.8.34601.278
MinimumVisualStudioVersion = 10.0.40219.1
Project("{9A19103F-16F7-4668-BE54-9A1E7A4F7556}") = "CSProjeDemo2.DataAccess", "CSProjeDemo2.DataAccess\CSProjeDemo2.DataAccess.csproj", "{5CD22EAA-7C35-47CC-85EB-23310312AABF}"
EndProject
Project("{9A19103F-16F7-4668-BE54-9A1E7A4F7556}") = "CSProjeDemo2.Business", "CSProjeDemo2.Business\CSProjeDemo2.Business.csproj", "{DB976EA5-DD86-4CE8-8631-BF65BA9CC365}"
EndProject
Project("{9A19103F-16F7-4668-BE54-9A1E7A4F7556}") = "CSProjeDemo2.UI", "CSProjeDemo2.UI\CSProjeDemo2.UI.csproj", "{77E770B6-F477-47D8-A235-6835987DED91}"
EndProject
Project("{9A19103F-16F7-4668-BE54-9A1E7A4F7556}") = "CSProjeDemo2.Model", "CSProjeDemo2.Model\CSProjeDemo2.Model.csproj", "{72C1F67B-EC8C-453A-B832-41459B131ABF}"
EndProject
Project("{FAE04EC0-301F-11D3-BF4B-00C04F79EFBC}") = "CSProjeDemo2.UI2", "CSProjeDemo2.UI2\CSProjeDemo2.UI2.csproj", "{C8CA775D-D194-480D-8C05-4B0B63050220}"
EndProject
Global
	GlobalSection(SolutionConfigurationPlatforms) = preSolution
		Debug|Any CPU = Debug|Any CPU
		Release|Any CPU = Release|Any CPU
	EndGlobalSection
	GlobalSection(ProjectConfigurationPlatforms) = postSolution
		{5CD22EAA-7C35-47CC-85EB-23310312AABF}.Debug|Any CPU.ActiveCfg = Debug|Any CPU
		{5CD22EAA-7C35-47CC-85EB-23310312AABF}.Debug|Any CPU.Build.0 = Debug|Any CPU
		{5CD22EAA-7C35-47CC-85EB-23310312AABF}.Release|Any CPU.ActiveCfg = Release|Any CPU
		{5CD22EAA-7C35-47CC-85EB-23310312AABF}.Release|Any CPU.Build.0 = Release|Any CPU
		{DB976EA5-DD86-4CE8-8631-BF65BA9CC365}.Debug|Any CPU.ActiveCfg = Debug|Any CPU
		{DB976EA5-DD86-4CE8-8631-BF65BA9CC365}.Debug|Any CPU.Build.0 = Debug|Any CPU
		{DB976EA5-DD86-4CE8-8631-BF65BA9CC365}.Release|Any CPU.ActiveCfg = Release|Any CPU
		{DB976EA5-DD86-4CE8-8631-BF65BA9CC365}.Release|Any CPU.Build.0 = Release|Any CPU
		{77E770B6-F477-47D8-A235-6835987DED91}.Debug|Any CPU.ActiveCfg = Debug|Any CPU
		{77E770B6-F477-47D8-A235-6835987DED91}.Debug|Any CPU.Build.0 = Debug|Any CPU
		{77E770B6-F477-47D8-A235-6835987DED91}.Release|Any CPU.ActiveCfg = Release|Any CPU
		{77E770B6-F477-47D8-A235-6835987DED91}.Release|Any CPU.Build.0 = Release|Any CPU
		{72C1F67B-EC8C-453A-B832-41459B131ABF}.Debug|Any CPU.ActiveCfg = Debug|Any CPU
		{72C1F67B-EC8C-453A-B832-41459B131ABF}.Debug|Any CPU.Build.0 = Debug|Any CPU
		{72C1F67B-EC8C-453A-B832-41459B131ABF}.Release|Any CPU.ActiveCfg = Release|Any CPU
		{72C1F67B-EC8C-453A-B832-41459B131ABF}.Release|Any CPU.Build.0 = Release|Any CPU
		{C8CA775D-D194-480D-8C05-4B0B63050220}.Debug|Any CPU.ActiveCfg = Debug|Any CPU
		{C8CA775D-D194-480D-8C05-4B0B63050220}.Debug|Any CPU.Build.0 = Debug|Any CPU
		{C8CA775D-D194-480D-8C05-4B0B63050220}.Release|Any CPU.ActiveCfg = Release|Any CPU
		{C8CA775D-D194-480D-8C05-4B0B63050220}.Release|Any CPU.Build.0 = Release|Any CPU
	EndGlobalSection
	GlobalSection(SolutionProperties) = preSolution
		HideSolutionNode = FALSE
	EndGlobalSection
	GlobalSection(ExtensibilityGlobals) = postSolution
		SolutionGuid = {C5091022-A159-483E-87AE-70926E903B9E}
	EndGlobalSection
EndGlobal
